
Microsoft Visual Studio Solution File, Format Version 11.00
# Visual Studio 2010
Project("{FAE04EC0-301F-11D3-BF4B-00C04F79EFBC}") = "Assembly-CSharp", "Assembly-CSharp.csproj", "{1ee3bfaa-723d-daee-f1d3-dad327b0c93b}"
EndProject
Project("{FAE04EC0-301F-11D3-BF4B-00C04F79EFBC}") = "Unity.XR.Interaction.Toolkit.Samples.StarterAssets", "Unity.XR.Interaction.Toolkit.Samples.StarterAssets.csproj", "{0313e71a-1af1-4536-cf72-dfebb674f7ac}"
EndProject
Project("{FAE04EC0-301F-11D3-BF4B-00C04F79EFBC}") = "Unity.XR.Interaction.Toolkit.Samples.Hands.Editor", "Unity.XR.Interaction.Toolkit.Samples.Hands.Editor.csproj", "{c489dbda-fb03-cd4c-56b3-16f4335865ef}"
EndProject
Project("{FAE04EC0-301F-11D3-BF4B-00C04F79EFBC}") = "Unity.XR.Interaction.Toolkit.Samples.Hands", "Unity.XR.Interaction.Toolkit.Samples.Hands.csproj", "{0f2f4042-56d0-48cf-40f1-b260092f573e}"
EndProject
Project("{FAE04EC0-301F-11D3-BF4B-00C04F79EFBC}") = "Unity.XR.Hands.Samples.VisualizerSample", "Unity.XR.Hands.Samples.VisualizerSample.csproj", "{d3a8fa08-a623-51b4-6d06-26ae481829e5}"
EndProject
Project("{FAE04EC0-301F-11D3-BF4B-00C04F79EFBC}") = "Unity.XR.Interaction.Toolkit.Samples.StarterAssets.Editor", "Unity.XR.Interaction.Toolkit.Samples.StarterAssets.Editor.csproj", "{bd6b01e1-7032-7f45-04b0-c65ba41b815f}"
EndProject
Global
	GlobalSection(SolutionConfigurationPlatforms) = preSolution
		Debug|Any CPU = Debug|Any CPU
	EndGlobalSection
	GlobalSection(ProjectConfigurationPlatforms) = postSolution
		{1ee3bfaa-723d-daee-f1d3-dad327b0c93b}.Debug|Any CPU.ActiveCfg = Debug|Any CPU
		{1ee3bfaa-723d-daee-f1d3-dad327b0c93b}.Debug|Any CPU.Build.0 = Debug|Any CPU
		{0313e71a-1af1-4536-cf72-dfebb674f7ac}.Debug|Any CPU.ActiveCfg = Debug|Any CPU
		{0313e71a-1af1-4536-cf72-dfebb674f7ac}.Debug|Any CPU.Build.0 = Debug|Any CPU
		{c489dbda-fb03-cd4c-56b3-16f4335865ef}.Debug|Any CPU.ActiveCfg = Debug|Any CPU
		{c489dbda-fb03-cd4c-56b3-16f4335865ef}.Debug|Any CPU.Build.0 = Debug|Any CPU
		{0f2f4042-56d0-48cf-40f1-b260092f573e}.Debug|Any CPU.ActiveCfg = Debug|Any CPU
		{0f2f4042-56d0-48cf-40f1-b260092f573e}.Debug|Any CPU.Build.0 = Debug|Any CPU
		{d3a8fa08-a623-51b4-6d06-26ae481829e5}.Debug|Any CPU.ActiveCfg = Debug|Any CPU
		{d3a8fa08-a623-51b4-6d06-26ae481829e5}.Debug|Any CPU.Build.0 = Debug|Any CPU
		{bd6b01e1-7032-7f45-04b0-c65ba41b815f}.Debug|Any CPU.ActiveCfg = Debug|Any CPU
		{bd6b01e1-7032-7f45-04b0-c65ba41b815f}.Debug|Any CPU.Build.0 = Debug|Any CPU
	EndGlobalSection
	GlobalSection(SolutionProperties) = preSolution
		HideSolutionNode = FALSE
	EndGlobalSection
EndGlobal
